
Microsoft Visual Studio Solution File, Format Version 12.00
# Visual Studio Version 16
VisualStudioVersion = 16.0.33529.622
MinimumVisualStudioVersion = 10.0.40219.1
Project("{888888A0-9F3D-457C-B088-3A5042F75D52}") = "endsem1", "endsem1.pyproj", "{C6AFB95D-7B4C-4074-A0BF-D95684037DC6}"
EndProject
Global
	GlobalSection(SolutionConfigurationPlatforms) = preSolution
		Debug|Any CPU = Debug|Any CPU
		Release|Any CPU = Release|Any CPU
	EndGlobalSection
	GlobalSection(ProjectConfigurationPlatforms) = postSolution
		{C6AFB95D-7B4C-4074-A0BF-D95684037DC6}.Debug|Any CPU.ActiveCfg = Debug|Any CPU
		{C6AFB95D-7B4C-4074-A0BF-D95684037DC6}.Debug|Any CPU.Build.0 = Debug|Any CPU
		{C6AFB95D-7B4C-4074-A0BF-D95684037DC6}.Release|Any CPU.ActiveCfg = Release|Any CPU
		{C6AFB95D-7B4C-4074-A0BF-D95684037DC6}.Release|Any CPU.Build.0 = Release|Any CPU
	EndGlobalSection
	GlobalSection(SolutionProperties) = preSolution
		HideSolutionNode = FALSE
	EndGlobalSection
	GlobalSection(ExtensibilityGlobals) = postSolution
		SolutionGuid = {64420B29-F1FF-478D-825A-FDB7DD5228EA}
	EndGlobalSection
EndGlobal
