
Microsoft Visual Studio Solution File, Format Version 12.00
# Visual Studio Version 16
VisualStudioVersion = 16.0.33529.622
MinimumVisualStudioVersion = 10.0.40219.1
Project("{888888A0-9F3D-457C-B088-3A5042F75D52}") = "w8q4", "w8q4.pyproj", "{92BED5AE-63EA-4CAF-93A1-B329611451B8}"
EndProject
Global
	GlobalSection(SolutionConfigurationPlatforms) = preSolution
		Debug|Any CPU = Debug|Any CPU
		Release|Any CPU = Release|Any CPU
	EndGlobalSection
	GlobalSection(ProjectConfigurationPlatforms) = postSolution
		{92BED5AE-63EA-4CAF-93A1-B329611451B8}.Debug|Any CPU.ActiveCfg = Debug|Any CPU
		{92BED5AE-63EA-4CAF-93A1-B329611451B8}.Debug|Any CPU.Build.0 = Debug|Any CPU
		{92BED5AE-63EA-4CAF-93A1-B329611451B8}.Release|Any CPU.ActiveCfg = Release|Any CPU
		{92BED5AE-63EA-4CAF-93A1-B329611451B8}.Release|Any CPU.Build.0 = Release|Any CPU
	EndGlobalSection
	GlobalSection(SolutionProperties) = preSolution
		HideSolutionNode = FALSE
	EndGlobalSection
	GlobalSection(ExtensibilityGlobals) = postSolution
		SolutionGuid = {AE6036B4-F2AB-4B92-A3EB-9DDC0CB7E574}
	EndGlobalSection
EndGlobal
